
Microsoft Visual Studio Solution File, Format Version 12.00
# Visual Studio Version 17
VisualStudioVersion = 17.4.33122.133
MinimumVisualStudioVersion = 10.0.40219.1
Project("{FAE04EC0-301F-11D3-BF4B-00C04F79EFBC}") = "AllApps", "AllApps.csproj", "{BAEA68F9-D4C6-4BA8-A98B-739ED0E82CF9}"
EndProject
Global
	GlobalSection(SolutionConfigurationPlatforms) = preSolution
		Debug|Any CPU = Debug|Any CPU
		Release|Any CPU = Release|Any CPU
	EndGlobalSection
	GlobalSection(ProjectConfigurationPlatforms) = postSolution
		{BAEA68F9-D4C6-4BA8-A98B-739ED0E82CF9}.Debug|Any CPU.ActiveCfg = Debug|Any CPU
		{BAEA68F9-D4C6-4BA8-A98B-739ED0E82CF9}.Debug|Any CPU.Build.0 = Debug|Any CPU
		{BAEA68F9-D4C6-4BA8-A98B-739ED0E82CF9}.Release|Any CPU.ActiveCfg = Release|Any CPU
		{BAEA68F9-D4C6-4BA8-A98B-739ED0E82CF9}.Release|Any CPU.Build.0 = Release|Any CPU
	EndGlobalSection
	GlobalSection(SolutionProperties) = preSolution
		HideSolutionNode = FALSE
	EndGlobalSection
	GlobalSection(ExtensibilityGlobals) = postSolution
		SolutionGuid = {FADD3782-1D7E-405F-A7DA-3D2424E327C5}
	EndGlobalSection
EndGlobal
