
Microsoft Visual Studio Solution File, Format Version 12.00
# Visual Studio Version 17
VisualStudioVersion = 17.4.33122.133
MinimumVisualStudioVersion = 10.0.40219.1
Project("{FAE04EC0-301F-11D3-BF4B-00C04F79EFBC}") = "testScoreNew", "testScoreNew.csproj", "{2996CBB8-81A2-4874-865D-C46D76260D75}"
EndProject
Global
	GlobalSection(SolutionConfigurationPlatforms) = preSolution
		Debug|Any CPU = Debug|Any CPU
		Release|Any CPU = Release|Any CPU
	EndGlobalSection
	GlobalSection(ProjectConfigurationPlatforms) = postSolution
		{2996CBB8-81A2-4874-865D-C46D76260D75}.Debug|Any CPU.ActiveCfg = Debug|Any CPU
		{2996CBB8-81A2-4874-865D-C46D76260D75}.Debug|Any CPU.Build.0 = Debug|Any CPU
		{2996CBB8-81A2-4874-865D-C46D76260D75}.Release|Any CPU.ActiveCfg = Release|Any CPU
		{2996CBB8-81A2-4874-865D-C46D76260D75}.Release|Any CPU.Build.0 = Release|Any CPU
	EndGlobalSection
	GlobalSection(SolutionProperties) = preSolution
		HideSolutionNode = FALSE
	EndGlobalSection
	GlobalSection(ExtensibilityGlobals) = postSolution
		SolutionGuid = {803CE91A-34FC-482F-AD16-053F326C4025}
	EndGlobalSection
EndGlobal
